
Microsoft Visual Studio Solution File, Format Version 12.00
# Visual Studio 15
VisualStudioVersion = 15.0.28307.1684
MinimumVisualStudioVersion = 10.0.40219.1
Project("{FAE04EC0-301F-11D3-BF4B-00C04F79EFBC}") = "SlidePuzzle", "SlidePuzzle\SlidePuzzle.csproj", "{507829CC-65F4-4635-8AA9-69956904016C}"
EndProject
Global
	GlobalSection(SolutionConfigurationPlatforms) = preSolution
		Debug|Any CPU = Debug|Any CPU
		Release|Any CPU = Release|Any CPU
	EndGlobalSection
	GlobalSection(ProjectConfigurationPlatforms) = postSolution
		{507829CC-65F4-4635-8AA9-69956904016C}.Debug|Any CPU.ActiveCfg = Debug|Any CPU
		{507829CC-65F4-4635-8AA9-69956904016C}.Debug|Any CPU.Build.0 = Debug|Any CPU
		{507829CC-65F4-4635-8AA9-69956904016C}.Release|Any CPU.ActiveCfg = Release|Any CPU
		{507829CC-65F4-4635-8AA9-69956904016C}.Release|Any CPU.Build.0 = Release|Any CPU
	EndGlobalSection
	GlobalSection(SolutionProperties) = preSolution
		HideSolutionNode = FALSE
	EndGlobalSection
	GlobalSection(ExtensibilityGlobals) = postSolution
		SolutionGuid = {B8E328AA-83D9-4C3D-87B0-B6C145057341}
	EndGlobalSection
EndGlobal
